
Microsoft Visual Studio Solution File, Format Version 12.00
# Visual Studio Version 16
VisualStudioVersion = 16.0.31005.135
MinimumVisualStudioVersion = 10.0.40219.1
Project("{2150E333-8FDC-42A3-9474-1A3956D46DE8}") = "src", "src", "{9545684E-DB0E-482D-82A6-7DEE01E8D704}"
EndProject
Project("{2150E333-8FDC-42A3-9474-1A3956D46DE8}") = "test", "test", "{9D43B634-0A43-4F35-9CE8-85AF7E139DB6}"
EndProject
Project("{9A19103F-16F7-4668-BE54-9A1E7A4F7556}") = "Ies.Logo.DataType", "src\Ies.Logo.DataType\Ies.Logo.DataType.csproj", "{4CBA9455-0FD1-46E8-85C1-3EC4050EC635}"
EndProject
Project("{9A19103F-16F7-4668-BE54-9A1E7A4F7556}") = "Ies.Logo.DataType.Tests", "test\Ies.Logo.DataType.Tests\Ies.Logo.DataType.Tests.csproj", "{3D853B28-EB14-4CCC-9476-FF5A504F74CD}"
EndProject
Project("{9A19103F-16F7-4668-BE54-9A1E7A4F7556}") = "Ies.Logo.ServiceAdapter", "src\Ies.Logo.ServiceAdapter\Ies.Logo.ServiceAdapter.csproj", "{F92053BB-68A1-4038-884D-8A649EA1C1DC}"
EndProject
Project("{9A19103F-16F7-4668-BE54-9A1E7A4F7556}") = "Ies.Logo.ServiceAdapter.Tests", "test\Ies.Logo.ServiceAdapter.Tests\Ies.Logo.ServiceAdapter.Tests.csproj", "{2276B04A-7993-4840-802C-6B5793864560}"
EndProject
Project("{9A19103F-16F7-4668-BE54-9A1E7A4F7556}") = "Ies.Logo.Core", "src\Ies.Logo.Core\Ies.Logo.Core.csproj", "{724C4BA6-EC29-4F2C-A63E-47C09C3BD865}"
EndProject
Project("{9A19103F-16F7-4668-BE54-9A1E7A4F7556}") = "Ies.Logo.Repositories", "src\Ies.Logo.Repositories\Ies.Logo.Repositories.csproj", "{2F389223-CD91-405C-A12D-FB6238C55B3F}"
EndProject
Project("{9A19103F-16F7-4668-BE54-9A1E7A4F7556}") = "Ies.Logo.Repositories.Tests", "test\Ies.Logo.Repositories.Tests\Ies.Logo.Repositories.Tests.csproj", "{86164AD5-A673-4AE3-8D06-8A0DD4DB9BBC}"
EndProject
Project("{FAE04EC0-301F-11D3-BF4B-00C04F79EFBC}") = "Ies.Logo.Manager", "src\Ies.Logo.Manager\Ies.Logo.Manager.csproj", "{17496D9C-666F-4E4B-BCF2-7DFDDCBF2172}"
EndProject
Global
	GlobalSection(SolutionConfigurationPlatforms) = preSolution
		Debug|Any CPU = Debug|Any CPU
		Release|Any CPU = Release|Any CPU
	EndGlobalSection
	GlobalSection(ProjectConfigurationPlatforms) = postSolution
		{4CBA9455-0FD1-46E8-85C1-3EC4050EC635}.Debug|Any CPU.ActiveCfg = Debug|Any CPU
		{4CBA9455-0FD1-46E8-85C1-3EC4050EC635}.Debug|Any CPU.Build.0 = Debug|Any CPU
		{4CBA9455-0FD1-46E8-85C1-3EC4050EC635}.Release|Any CPU.ActiveCfg = Release|Any CPU
		{4CBA9455-0FD1-46E8-85C1-3EC4050EC635}.Release|Any CPU.Build.0 = Release|Any CPU
		{3D853B28-EB14-4CCC-9476-FF5A504F74CD}.Debug|Any CPU.ActiveCfg = Debug|Any CPU
		{3D853B28-EB14-4CCC-9476-FF5A504F74CD}.Debug|Any CPU.Build.0 = Debug|Any CPU
		{3D853B28-EB14-4CCC-9476-FF5A504F74CD}.Release|Any CPU.ActiveCfg = Release|Any CPU
		{3D853B28-EB14-4CCC-9476-FF5A504F74CD}.Release|Any CPU.Build.0 = Release|Any CPU
		{F92053BB-68A1-4038-884D-8A649EA1C1DC}.Debug|Any CPU.ActiveCfg = Debug|Any CPU
		{F92053BB-68A1-4038-884D-8A649EA1C1DC}.Debug|Any CPU.Build.0 = Debug|Any CPU
		{F92053BB-68A1-4038-884D-8A649EA1C1DC}.Release|Any CPU.ActiveCfg = Release|Any CPU
		{F92053BB-68A1-4038-884D-8A649EA1C1DC}.Release|Any CPU.Build.0 = Release|Any CPU
		{2276B04A-7993-4840-802C-6B5793864560}.Debug|Any CPU.ActiveCfg = Debug|Any CPU
		{2276B04A-7993-4840-802C-6B5793864560}.Debug|Any CPU.Build.0 = Debug|Any CPU
		{2276B04A-7993-4840-802C-6B5793864560}.Release|Any CPU.ActiveCfg = Release|Any CPU
		{2276B04A-7993-4840-802C-6B5793864560}.Release|Any CPU.Build.0 = Release|Any CPU
		{724C4BA6-EC29-4F2C-A63E-47C09C3BD865}.Debug|Any CPU.ActiveCfg = Debug|Any CPU
		{724C4BA6-EC29-4F2C-A63E-47C09C3BD865}.Debug|Any CPU.Build.0 = Debug|Any CPU
		{724C4BA6-EC29-4F2C-A63E-47C09C3BD865}.Release|Any CPU.ActiveCfg = Release|Any CPU
		{724C4BA6-EC29-4F2C-A63E-47C09C3BD865}.Release|Any CPU.Build.0 = Release|Any CPU
		{2F389223-CD91-405C-A12D-FB6238C55B3F}.Debug|Any CPU.ActiveCfg = Debug|Any CPU
		{2F389223-CD91-405C-A12D-FB6238C55B3F}.Debug|Any CPU.Build.0 = Debug|Any CPU
		{2F389223-CD91-405C-A12D-FB6238C55B3F}.Release|Any CPU.ActiveCfg = Release|Any CPU
		{2F389223-CD91-405C-A12D-FB6238C55B3F}.Release|Any CPU.Build.0 = Release|Any CPU
		{86164AD5-A673-4AE3-8D06-8A0DD4DB9BBC}.Debug|Any CPU.ActiveCfg = Debug|Any CPU
		{86164AD5-A673-4AE3-8D06-8A0DD4DB9BBC}.Debug|Any CPU.Build.0 = Debug|Any CPU
		{86164AD5-A673-4AE3-8D06-8A0DD4DB9BBC}.Release|Any CPU.ActiveCfg = Release|Any CPU
		{86164AD5-A673-4AE3-8D06-8A0DD4DB9BBC}.Release|Any CPU.Build.0 = Release|Any CPU
		{17496D9C-666F-4E4B-BCF2-7DFDDCBF2172}.Debug|Any CPU.ActiveCfg = Debug|Any CPU
		{17496D9C-666F-4E4B-BCF2-7DFDDCBF2172}.Debug|Any CPU.Build.0 = Debug|Any CPU
		{17496D9C-666F-4E4B-BCF2-7DFDDCBF2172}.Release|Any CPU.ActiveCfg = Release|Any CPU
		{17496D9C-666F-4E4B-BCF2-7DFDDCBF2172}.Release|Any CPU.Build.0 = Release|Any CPU
	EndGlobalSection
	GlobalSection(SolutionProperties) = preSolution
		HideSolutionNode = FALSE
	EndGlobalSection
	GlobalSection(NestedProjects) = preSolution
		{4CBA9455-0FD1-46E8-85C1-3EC4050EC635} = {9545684E-DB0E-482D-82A6-7DEE01E8D704}
		{3D853B28-EB14-4CCC-9476-FF5A504F74CD} = {9D43B634-0A43-4F35-9CE8-85AF7E139DB6}
		{F92053BB-68A1-4038-884D-8A649EA1C1DC} = {9545684E-DB0E-482D-82A6-7DEE01E8D704}
		{2276B04A-7993-4840-802C-6B5793864560} = {9D43B634-0A43-4F35-9CE8-85AF7E139DB6}
		{724C4BA6-EC29-4F2C-A63E-47C09C3BD865} = {9545684E-DB0E-482D-82A6-7DEE01E8D704}
		{2F389223-CD91-405C-A12D-FB6238C55B3F} = {9545684E-DB0E-482D-82A6-7DEE01E8D704}
		{86164AD5-A673-4AE3-8D06-8A0DD4DB9BBC} = {9D43B634-0A43-4F35-9CE8-85AF7E139DB6}
		{17496D9C-666F-4E4B-BCF2-7DFDDCBF2172} = {9545684E-DB0E-482D-82A6-7DEE01E8D704}
	EndGlobalSection
	GlobalSection(ExtensibilityGlobals) = postSolution
		SolutionGuid = {6EDAEA7E-C966-4D19-BD94-3CCBFDDF304E}
	EndGlobalSection
EndGlobal
