
Microsoft Visual Studio Solution File, Format Version 12.00
# Visual Studio Version 16
VisualStudioVersion = 16.0.31005.135
MinimumVisualStudioVersion = 10.0.40219.1
Project("{2150E333-8FDC-42A3-9474-1A3956D46DE8}") = "src", "src", "{9545684E-DB0E-482D-82A6-7DEE01E8D704}"
EndProject
Project("{2150E333-8FDC-42A3-9474-1A3956D46DE8}") = "test", "test", "{9D43B634-0A43-4F35-9CE8-85AF7E139DB6}"
EndProject
Project("{9A19103F-16F7-4668-BE54-9A1E7A4F7556}") = "IesYazilim.Logo.DataType.Auditing", "src\IesYazilim.Logo.DataType.Auditing\IesYazilim.Logo.DataType.Auditing.csproj", "{F0DFD6FF-5813-4C91-84AD-480CFD58D14F}"
EndProject
Project("{9A19103F-16F7-4668-BE54-9A1E7A4F7556}") = "IesYazilim.Logo.DataType", "src\IesYazilim.Logo.DataType\IesYazilim.Logo.DataType.csproj", "{CB8E1982-3379-4BDE-9533-924CD11B6751}"
EndProject
Project("{9A19103F-16F7-4668-BE54-9A1E7A4F7556}") = "IesYazilim.Logo.DataType.Tests", "test\IesYazilim.Logo.DataType.Tests\IesYazilim.Logo.DataType.Tests.csproj", "{8EBE3B5D-0441-4ADE-AF36-A4C0368283C2}"
EndProject
Global
	GlobalSection(SolutionConfigurationPlatforms) = preSolution
		Debug|Any CPU = Debug|Any CPU
		Release|Any CPU = Release|Any CPU
	EndGlobalSection
	GlobalSection(ProjectConfigurationPlatforms) = postSolution
		{F0DFD6FF-5813-4C91-84AD-480CFD58D14F}.Debug|Any CPU.ActiveCfg = Debug|Any CPU
		{F0DFD6FF-5813-4C91-84AD-480CFD58D14F}.Debug|Any CPU.Build.0 = Debug|Any CPU
		{F0DFD6FF-5813-4C91-84AD-480CFD58D14F}.Release|Any CPU.ActiveCfg = Release|Any CPU
		{F0DFD6FF-5813-4C91-84AD-480CFD58D14F}.Release|Any CPU.Build.0 = Release|Any CPU
		{CB8E1982-3379-4BDE-9533-924CD11B6751}.Debug|Any CPU.ActiveCfg = Debug|Any CPU
		{CB8E1982-3379-4BDE-9533-924CD11B6751}.Debug|Any CPU.Build.0 = Debug|Any CPU
		{CB8E1982-3379-4BDE-9533-924CD11B6751}.Release|Any CPU.ActiveCfg = Release|Any CPU
		{CB8E1982-3379-4BDE-9533-924CD11B6751}.Release|Any CPU.Build.0 = Release|Any CPU
		{8EBE3B5D-0441-4ADE-AF36-A4C0368283C2}.Debug|Any CPU.ActiveCfg = Debug|Any CPU
		{8EBE3B5D-0441-4ADE-AF36-A4C0368283C2}.Debug|Any CPU.Build.0 = Debug|Any CPU
		{8EBE3B5D-0441-4ADE-AF36-A4C0368283C2}.Release|Any CPU.ActiveCfg = Release|Any CPU
		{8EBE3B5D-0441-4ADE-AF36-A4C0368283C2}.Release|Any CPU.Build.0 = Release|Any CPU
	EndGlobalSection
	GlobalSection(SolutionProperties) = preSolution
		HideSolutionNode = FALSE
	EndGlobalSection
	GlobalSection(NestedProjects) = preSolution
		{F0DFD6FF-5813-4C91-84AD-480CFD58D14F} = {9545684E-DB0E-482D-82A6-7DEE01E8D704}
		{CB8E1982-3379-4BDE-9533-924CD11B6751} = {9545684E-DB0E-482D-82A6-7DEE01E8D704}
		{8EBE3B5D-0441-4ADE-AF36-A4C0368283C2} = {9D43B634-0A43-4F35-9CE8-85AF7E139DB6}
	EndGlobalSection
	GlobalSection(ExtensibilityGlobals) = postSolution
		SolutionGuid = {6EDAEA7E-C966-4D19-BD94-3CCBFDDF304E}
	EndGlobalSection
EndGlobal
