
Microsoft Visual Studio Solution File, Format Version 12.00
# Visual Studio Version 16
VisualStudioVersion = 16.0.31410.357
MinimumVisualStudioVersion = 10.0.40219.1
Project("{9A19103F-16F7-4668-BE54-9A1E7A4F7556}") = "Ies.Logo.ServiceAdapter.Benchmarks", "Ies.Logo.ServiceAdapter.Benchmarks\Ies.Logo.ServiceAdapter.Benchmarks.csproj", "{DA1C5F5C-B7D0-4EB6-8FBD-56A6D7102A50}"
EndProject
Project("{2150E333-8FDC-42A3-9474-1A3956D46DE8}") = "framework", "framework", "{4D119BA3-D832-43E6-9EB7-CDC6CBCF0D3C}"
EndProject
Project("{9A19103F-16F7-4668-BE54-9A1E7A4F7556}") = "Ies.Logo.ServiceAdapter", "..\..\framework\src\Ies.Logo.ServiceAdapter\Ies.Logo.ServiceAdapter.csproj", "{21941761-B0ED-4F5F-8E62-8FB7081A8FBE}"
EndProject
Project("{9A19103F-16F7-4668-BE54-9A1E7A4F7556}") = "Ies.Logo.Core", "..\..\framework\src\Ies.Logo.Core\Ies.Logo.Core.csproj", "{CA4797D1-EF01-404C-829C-79DBDCB1D009}"
EndProject
Project("{9A19103F-16F7-4668-BE54-9A1E7A4F7556}") = "Ies.Logo.DataType", "..\..\framework\src\Ies.Logo.DataType\Ies.Logo.DataType.csproj", "{4D318603-4146-4FDA-BEFF-BFBEB8A6BFD8}"
EndProject
Project("{9A19103F-16F7-4668-BE54-9A1E7A4F7556}") = "Ies.Logo.Manager", "..\..\framework\src\Ies.Logo.Manager\Ies.Logo.Manager.csproj", "{301624D3-4CD3-4079-ADE5-628208B41E1F}"
EndProject
Project("{9A19103F-16F7-4668-BE54-9A1E7A4F7556}") = "Ies.Logo.Repositories", "..\..\framework\src\Ies.Logo.Repositories\Ies.Logo.Repositories.csproj", "{51D3B95D-2302-4538-9582-4196B0277FB7}"
EndProject
Global
	GlobalSection(SolutionConfigurationPlatforms) = preSolution
		Debug|Any CPU = Debug|Any CPU
		Release|Any CPU = Release|Any CPU
	EndGlobalSection
	GlobalSection(ProjectConfigurationPlatforms) = postSolution
		{DA1C5F5C-B7D0-4EB6-8FBD-56A6D7102A50}.Debug|Any CPU.ActiveCfg = Debug|Any CPU
		{DA1C5F5C-B7D0-4EB6-8FBD-56A6D7102A50}.Debug|Any CPU.Build.0 = Debug|Any CPU
		{DA1C5F5C-B7D0-4EB6-8FBD-56A6D7102A50}.Release|Any CPU.ActiveCfg = Release|Any CPU
		{DA1C5F5C-B7D0-4EB6-8FBD-56A6D7102A50}.Release|Any CPU.Build.0 = Release|Any CPU
		{21941761-B0ED-4F5F-8E62-8FB7081A8FBE}.Debug|Any CPU.ActiveCfg = Debug|Any CPU
		{21941761-B0ED-4F5F-8E62-8FB7081A8FBE}.Debug|Any CPU.Build.0 = Debug|Any CPU
		{21941761-B0ED-4F5F-8E62-8FB7081A8FBE}.Release|Any CPU.ActiveCfg = Release|Any CPU
		{21941761-B0ED-4F5F-8E62-8FB7081A8FBE}.Release|Any CPU.Build.0 = Release|Any CPU
		{CA4797D1-EF01-404C-829C-79DBDCB1D009}.Debug|Any CPU.ActiveCfg = Debug|Any CPU
		{CA4797D1-EF01-404C-829C-79DBDCB1D009}.Debug|Any CPU.Build.0 = Debug|Any CPU
		{CA4797D1-EF01-404C-829C-79DBDCB1D009}.Release|Any CPU.ActiveCfg = Release|Any CPU
		{CA4797D1-EF01-404C-829C-79DBDCB1D009}.Release|Any CPU.Build.0 = Release|Any CPU
		{4D318603-4146-4FDA-BEFF-BFBEB8A6BFD8}.Debug|Any CPU.ActiveCfg = Debug|Any CPU
		{4D318603-4146-4FDA-BEFF-BFBEB8A6BFD8}.Debug|Any CPU.Build.0 = Debug|Any CPU
		{4D318603-4146-4FDA-BEFF-BFBEB8A6BFD8}.Release|Any CPU.ActiveCfg = Release|Any CPU
		{4D318603-4146-4FDA-BEFF-BFBEB8A6BFD8}.Release|Any CPU.Build.0 = Release|Any CPU
		{301624D3-4CD3-4079-ADE5-628208B41E1F}.Debug|Any CPU.ActiveCfg = Debug|Any CPU
		{301624D3-4CD3-4079-ADE5-628208B41E1F}.Debug|Any CPU.Build.0 = Debug|Any CPU
		{301624D3-4CD3-4079-ADE5-628208B41E1F}.Release|Any CPU.ActiveCfg = Release|Any CPU
		{301624D3-4CD3-4079-ADE5-628208B41E1F}.Release|Any CPU.Build.0 = Release|Any CPU
		{51D3B95D-2302-4538-9582-4196B0277FB7}.Debug|Any CPU.ActiveCfg = Debug|Any CPU
		{51D3B95D-2302-4538-9582-4196B0277FB7}.Debug|Any CPU.Build.0 = Debug|Any CPU
		{51D3B95D-2302-4538-9582-4196B0277FB7}.Release|Any CPU.ActiveCfg = Release|Any CPU
		{51D3B95D-2302-4538-9582-4196B0277FB7}.Release|Any CPU.Build.0 = Release|Any CPU
	EndGlobalSection
	GlobalSection(SolutionProperties) = preSolution
		HideSolutionNode = FALSE
	EndGlobalSection
	GlobalSection(NestedProjects) = preSolution
		{21941761-B0ED-4F5F-8E62-8FB7081A8FBE} = {4D119BA3-D832-43E6-9EB7-CDC6CBCF0D3C}
		{CA4797D1-EF01-404C-829C-79DBDCB1D009} = {4D119BA3-D832-43E6-9EB7-CDC6CBCF0D3C}
		{4D318603-4146-4FDA-BEFF-BFBEB8A6BFD8} = {4D119BA3-D832-43E6-9EB7-CDC6CBCF0D3C}
		{301624D3-4CD3-4079-ADE5-628208B41E1F} = {4D119BA3-D832-43E6-9EB7-CDC6CBCF0D3C}
		{51D3B95D-2302-4538-9582-4196B0277FB7} = {4D119BA3-D832-43E6-9EB7-CDC6CBCF0D3C}
	EndGlobalSection
	GlobalSection(ExtensibilityGlobals) = postSolution
		SolutionGuid = {BEFB97E3-D8BC-4CA7-8301-574C82BEC318}
	EndGlobalSection
EndGlobal
