
Microsoft Visual Studio Solution File, Format Version 12.00
# Visual Studio Version 16
VisualStudioVersion = 16.0.31410.357
MinimumVisualStudioVersion = 10.0.40219.1
Project("{9A19103F-16F7-4668-BE54-9A1E7A4F7556}") = "Ies.Logo.ServiceAdapter.Benchmarks", "Ies.Logo.ServiceAdapter.Benchmarks\Ies.Logo.ServiceAdapter.Benchmarks.csproj", "{DA1C5F5C-B7D0-4EB6-8FBD-56A6D7102A50}"
EndProject
Global
	GlobalSection(SolutionConfigurationPlatforms) = preSolution
		Debug|Any CPU = Debug|Any CPU
		Release|Any CPU = Release|Any CPU
	EndGlobalSection
	GlobalSection(ProjectConfigurationPlatforms) = postSolution
		{DA1C5F5C-B7D0-4EB6-8FBD-56A6D7102A50}.Debug|Any CPU.ActiveCfg = Debug|Any CPU
		{DA1C5F5C-B7D0-4EB6-8FBD-56A6D7102A50}.Debug|Any CPU.Build.0 = Debug|Any CPU
		{DA1C5F5C-B7D0-4EB6-8FBD-56A6D7102A50}.Release|Any CPU.ActiveCfg = Release|Any CPU
		{DA1C5F5C-B7D0-4EB6-8FBD-56A6D7102A50}.Release|Any CPU.Build.0 = Release|Any CPU
	EndGlobalSection
	GlobalSection(SolutionProperties) = preSolution
		HideSolutionNode = FALSE
	EndGlobalSection
	GlobalSection(ExtensibilityGlobals) = postSolution
		SolutionGuid = {BEFB97E3-D8BC-4CA7-8301-574C82BEC318}
	EndGlobalSection
EndGlobal
