
Microsoft Visual Studio Solution File, Format Version 12.00
# Visual Studio Version 16
VisualStudioVersion = 16.0.31321.278
MinimumVisualStudioVersion = 10.0.40219.1
Project("{2150E333-8FDC-42A3-9474-1A3956D46DE8}") = "src", "src", "{FEAE2FCE-AEE7-42D7-84FA-90F0D5689AE3}"
EndProject
Project("{2150E333-8FDC-42A3-9474-1A3956D46DE8}") = "test", "test", "{9710B113-282F-4CAE-BD0F-206D3EE56FE3}"
EndProject
Project("{9A19103F-16F7-4668-BE54-9A1E7A4F7556}") = "Ies.LogoApp.Business", "src\Ies.LogoApp.Business\Ies.LogoApp.Business.csproj", "{D5F7BD2F-C0A2-4150-B313-75CA940EB949}"
EndProject
Project("{FAE04EC0-301F-11D3-BF4B-00C04F79EFBC}") = "Ies.LogoApp.Entities", "src\Ies.LogoApp.Entities\Ies.LogoApp.Entities.csproj", "{CE672E05-4D45-403D-A417-283EF85EC507}"
EndProject
Project("{FAE04EC0-301F-11D3-BF4B-00C04F79EFBC}") = "Ies.LogoApp.DataAccess", "src\Ies.LogoApp.DataAccess\Ies.LogoApp.DataAccess.csproj", "{9B42641C-F5EC-4EC9-A7AB-1551FBD89F0E}"
EndProject
Global
	GlobalSection(SolutionConfigurationPlatforms) = preSolution
		Debug|Any CPU = Debug|Any CPU
		Release|Any CPU = Release|Any CPU
	EndGlobalSection
	GlobalSection(ProjectConfigurationPlatforms) = postSolution
		{D5F7BD2F-C0A2-4150-B313-75CA940EB949}.Debug|Any CPU.ActiveCfg = Debug|Any CPU
		{D5F7BD2F-C0A2-4150-B313-75CA940EB949}.Debug|Any CPU.Build.0 = Debug|Any CPU
		{D5F7BD2F-C0A2-4150-B313-75CA940EB949}.Release|Any CPU.ActiveCfg = Release|Any CPU
		{D5F7BD2F-C0A2-4150-B313-75CA940EB949}.Release|Any CPU.Build.0 = Release|Any CPU
		{CE672E05-4D45-403D-A417-283EF85EC507}.Debug|Any CPU.ActiveCfg = Debug|Any CPU
		{CE672E05-4D45-403D-A417-283EF85EC507}.Debug|Any CPU.Build.0 = Debug|Any CPU
		{CE672E05-4D45-403D-A417-283EF85EC507}.Release|Any CPU.ActiveCfg = Release|Any CPU
		{CE672E05-4D45-403D-A417-283EF85EC507}.Release|Any CPU.Build.0 = Release|Any CPU
		{9B42641C-F5EC-4EC9-A7AB-1551FBD89F0E}.Debug|Any CPU.ActiveCfg = Debug|Any CPU
		{9B42641C-F5EC-4EC9-A7AB-1551FBD89F0E}.Debug|Any CPU.Build.0 = Debug|Any CPU
		{9B42641C-F5EC-4EC9-A7AB-1551FBD89F0E}.Release|Any CPU.ActiveCfg = Release|Any CPU
		{9B42641C-F5EC-4EC9-A7AB-1551FBD89F0E}.Release|Any CPU.Build.0 = Release|Any CPU
	EndGlobalSection
	GlobalSection(SolutionProperties) = preSolution
		HideSolutionNode = FALSE
	EndGlobalSection
	GlobalSection(NestedProjects) = preSolution
		{D5F7BD2F-C0A2-4150-B313-75CA940EB949} = {FEAE2FCE-AEE7-42D7-84FA-90F0D5689AE3}
		{CE672E05-4D45-403D-A417-283EF85EC507} = {FEAE2FCE-AEE7-42D7-84FA-90F0D5689AE3}
		{9B42641C-F5EC-4EC9-A7AB-1551FBD89F0E} = {FEAE2FCE-AEE7-42D7-84FA-90F0D5689AE3}
	EndGlobalSection
	GlobalSection(ExtensibilityGlobals) = postSolution
		SolutionGuid = {48391486-C211-4D3F-91BB-5A7D3E80AEF0}
	EndGlobalSection
EndGlobal
